
Microsoft Visual Studio Solution File, Format Version 12.00
# Visual Studio Version 17
VisualStudioVersion = 17.6.33723.286
MinimumVisualStudioVersion = 10.0.40219.1
Project("{8BC9CEB8-8B4A-11D0-8D11-00A0C91BC942}") = "Game_WY", "Game_WY\Game_WY.vcxproj", "{A999EE1E-88DB-4A3C-AD21-4B69E844CAC6}"
EndProject
Project("{8BC9CEB8-8B4A-11D0-8D11-00A0C91BC942}") = "Egg", "Egg\Egg.vcxproj", "{F1F61BBE-A4EA-47A9-A992-4699AFF8176A}"
EndProject
Project("{8BC9CEB8-8B4A-11D0-8D11-00A0C91BC942}") = "glfw", "glfw_proj\src\glfw.vcxproj", "{6D417D42-E696-3552-A282-31069F23B513}"
EndProject
Project("{8BC9CEB8-8B4A-11D0-8D11-00A0C91BC942}") = "glad", "glad\glad.vcxproj", "{7C3E8681-80A3-4F4F-8668-5CBA69C9480C}"
EndProject
Project("{8BC9CEB8-8B4A-11D0-8D11-00A0C91BC942}") = "stbi", "stbi\stbi.vcxproj", "{80221F4B-B3CF-4F8F-BA38-8DEEC0E2FC6A}"
EndProject
Global
	GlobalSection(SolutionConfigurationPlatforms) = preSolution
		Debug|x64 = Debug|x64
		Debug|x86 = Debug|x86
		MinSizeRel|x64 = MinSizeRel|x64
		MinSizeRel|x86 = MinSizeRel|x86
		Release|x64 = Release|x64
		Release|x86 = Release|x86
		RelWithDebInfo|x64 = RelWithDebInfo|x64
		RelWithDebInfo|x86 = RelWithDebInfo|x86
	EndGlobalSection
	GlobalSection(ProjectConfigurationPlatforms) = postSolution
		{A999EE1E-88DB-4A3C-AD21-4B69E844CAC6}.Debug|x64.ActiveCfg = Debug|x64
		{A999EE1E-88DB-4A3C-AD21-4B69E844CAC6}.Debug|x64.Build.0 = Debug|x64
		{A999EE1E-88DB-4A3C-AD21-4B69E844CAC6}.Debug|x86.ActiveCfg = Debug|Win32
		{A999EE1E-88DB-4A3C-AD21-4B69E844CAC6}.Debug|x86.Build.0 = Debug|Win32
		{A999EE1E-88DB-4A3C-AD21-4B69E844CAC6}.MinSizeRel|x64.ActiveCfg = Release|x64
		{A999EE1E-88DB-4A3C-AD21-4B69E844CAC6}.MinSizeRel|x64.Build.0 = Release|x64
		{A999EE1E-88DB-4A3C-AD21-4B69E844CAC6}.MinSizeRel|x86.ActiveCfg = Release|Win32
		{A999EE1E-88DB-4A3C-AD21-4B69E844CAC6}.MinSizeRel|x86.Build.0 = Release|Win32
		{A999EE1E-88DB-4A3C-AD21-4B69E844CAC6}.Release|x64.ActiveCfg = Release|x64
		{A999EE1E-88DB-4A3C-AD21-4B69E844CAC6}.Release|x64.Build.0 = Release|x64
		{A999EE1E-88DB-4A3C-AD21-4B69E844CAC6}.Release|x86.ActiveCfg = Release|Win32
		{A999EE1E-88DB-4A3C-AD21-4B69E844CAC6}.Release|x86.Build.0 = Release|Win32
		{A999EE1E-88DB-4A3C-AD21-4B69E844CAC6}.RelWithDebInfo|x64.ActiveCfg = Release|x64
		{A999EE1E-88DB-4A3C-AD21-4B69E844CAC6}.RelWithDebInfo|x64.Build.0 = Release|x64
		{A999EE1E-88DB-4A3C-AD21-4B69E844CAC6}.RelWithDebInfo|x86.ActiveCfg = Release|Win32
		{A999EE1E-88DB-4A3C-AD21-4B69E844CAC6}.RelWithDebInfo|x86.Build.0 = Release|Win32
		{F1F61BBE-A4EA-47A9-A992-4699AFF8176A}.Debug|x64.ActiveCfg = Debug|x64
		{F1F61BBE-A4EA-47A9-A992-4699AFF8176A}.Debug|x64.Build.0 = Debug|x64
		{F1F61BBE-A4EA-47A9-A992-4699AFF8176A}.Debug|x86.ActiveCfg = Debug|Win32
		{F1F61BBE-A4EA-47A9-A992-4699AFF8176A}.Debug|x86.Build.0 = Debug|Win32
		{F1F61BBE-A4EA-47A9-A992-4699AFF8176A}.MinSizeRel|x64.ActiveCfg = Release|x64
		{F1F61BBE-A4EA-47A9-A992-4699AFF8176A}.MinSizeRel|x64.Build.0 = Release|x64
		{F1F61BBE-A4EA-47A9-A992-4699AFF8176A}.MinSizeRel|x86.ActiveCfg = Release|Win32
		{F1F61BBE-A4EA-47A9-A992-4699AFF8176A}.MinSizeRel|x86.Build.0 = Release|Win32
		{F1F61BBE-A4EA-47A9-A992-4699AFF8176A}.Release|x64.ActiveCfg = Release|x64
		{F1F61BBE-A4EA-47A9-A992-4699AFF8176A}.Release|x64.Build.0 = Release|x64
		{F1F61BBE-A4EA-47A9-A992-4699AFF8176A}.Release|x86.ActiveCfg = Release|Win32
		{F1F61BBE-A4EA-47A9-A992-4699AFF8176A}.Release|x86.Build.0 = Release|Win32
		{F1F61BBE-A4EA-47A9-A992-4699AFF8176A}.RelWithDebInfo|x64.ActiveCfg = Release|x64
		{F1F61BBE-A4EA-47A9-A992-4699AFF8176A}.RelWithDebInfo|x64.Build.0 = Release|x64
		{F1F61BBE-A4EA-47A9-A992-4699AFF8176A}.RelWithDebInfo|x86.ActiveCfg = Release|Win32
		{F1F61BBE-A4EA-47A9-A992-4699AFF8176A}.RelWithDebInfo|x86.Build.0 = Release|Win32
		{6D417D42-E696-3552-A282-31069F23B513}.Debug|x64.ActiveCfg = Debug|x64
		{6D417D42-E696-3552-A282-31069F23B513}.Debug|x64.Build.0 = Debug|x64
		{6D417D42-E696-3552-A282-31069F23B513}.Debug|x86.ActiveCfg = Debug|x64
		{6D417D42-E696-3552-A282-31069F23B513}.Debug|x86.Build.0 = Debug|x64
		{6D417D42-E696-3552-A282-31069F23B513}.MinSizeRel|x64.ActiveCfg = MinSizeRel|x64
		{6D417D42-E696-3552-A282-31069F23B513}.MinSizeRel|x64.Build.0 = MinSizeRel|x64
		{6D417D42-E696-3552-A282-31069F23B513}.MinSizeRel|x86.ActiveCfg = MinSizeRel|x64
		{6D417D42-E696-3552-A282-31069F23B513}.MinSizeRel|x86.Build.0 = MinSizeRel|x64
		{6D417D42-E696-3552-A282-31069F23B513}.Release|x64.ActiveCfg = Release|x64
		{6D417D42-E696-3552-A282-31069F23B513}.Release|x64.Build.0 = Release|x64
		{6D417D42-E696-3552-A282-31069F23B513}.Release|x86.ActiveCfg = Release|x64
		{6D417D42-E696-3552-A282-31069F23B513}.Release|x86.Build.0 = Release|x64
		{6D417D42-E696-3552-A282-31069F23B513}.RelWithDebInfo|x64.ActiveCfg = RelWithDebInfo|x64
		{6D417D42-E696-3552-A282-31069F23B513}.RelWithDebInfo|x64.Build.0 = RelWithDebInfo|x64
		{6D417D42-E696-3552-A282-31069F23B513}.RelWithDebInfo|x86.ActiveCfg = RelWithDebInfo|x64
		{6D417D42-E696-3552-A282-31069F23B513}.RelWithDebInfo|x86.Build.0 = RelWithDebInfo|x64
		{7C3E8681-80A3-4F4F-8668-5CBA69C9480C}.Debug|x64.ActiveCfg = Debug|x64
		{7C3E8681-80A3-4F4F-8668-5CBA69C9480C}.Debug|x64.Build.0 = Debug|x64
		{7C3E8681-80A3-4F4F-8668-5CBA69C9480C}.Debug|x86.ActiveCfg = Debug|Win32
		{7C3E8681-80A3-4F4F-8668-5CBA69C9480C}.Debug|x86.Build.0 = Debug|Win32
		{7C3E8681-80A3-4F4F-8668-5CBA69C9480C}.MinSizeRel|x64.ActiveCfg = Debug|x64
		{7C3E8681-80A3-4F4F-8668-5CBA69C9480C}.MinSizeRel|x64.Build.0 = Debug|x64
		{7C3E8681-80A3-4F4F-8668-5CBA69C9480C}.MinSizeRel|x86.ActiveCfg = Debug|Win32
		{7C3E8681-80A3-4F4F-8668-5CBA69C9480C}.MinSizeRel|x86.Build.0 = Debug|Win32
		{7C3E8681-80A3-4F4F-8668-5CBA69C9480C}.Release|x64.ActiveCfg = Release|x64
		{7C3E8681-80A3-4F4F-8668-5CBA69C9480C}.Release|x64.Build.0 = Release|x64
		{7C3E8681-80A3-4F4F-8668-5CBA69C9480C}.Release|x86.ActiveCfg = Release|Win32
		{7C3E8681-80A3-4F4F-8668-5CBA69C9480C}.Release|x86.Build.0 = Release|Win32
		{7C3E8681-80A3-4F4F-8668-5CBA69C9480C}.RelWithDebInfo|x64.ActiveCfg = Release|x64
		{7C3E8681-80A3-4F4F-8668-5CBA69C9480C}.RelWithDebInfo|x64.Build.0 = Release|x64
		{7C3E8681-80A3-4F4F-8668-5CBA69C9480C}.RelWithDebInfo|x86.ActiveCfg = Release|Win32
		{7C3E8681-80A3-4F4F-8668-5CBA69C9480C}.RelWithDebInfo|x86.Build.0 = Release|Win32
		{80221F4B-B3CF-4F8F-BA38-8DEEC0E2FC6A}.Debug|x64.ActiveCfg = Debug|x64
		{80221F4B-B3CF-4F8F-BA38-8DEEC0E2FC6A}.Debug|x64.Build.0 = Debug|x64
		{80221F4B-B3CF-4F8F-BA38-8DEEC0E2FC6A}.Debug|x86.ActiveCfg = Debug|Win32
		{80221F4B-B3CF-4F8F-BA38-8DEEC0E2FC6A}.Debug|x86.Build.0 = Debug|Win32
		{80221F4B-B3CF-4F8F-BA38-8DEEC0E2FC6A}.MinSizeRel|x64.ActiveCfg = Debug|x64
		{80221F4B-B3CF-4F8F-BA38-8DEEC0E2FC6A}.MinSizeRel|x64.Build.0 = Debug|x64
		{80221F4B-B3CF-4F8F-BA38-8DEEC0E2FC6A}.MinSizeRel|x86.ActiveCfg = Debug|Win32
		{80221F4B-B3CF-4F8F-BA38-8DEEC0E2FC6A}.MinSizeRel|x86.Build.0 = Debug|Win32
		{80221F4B-B3CF-4F8F-BA38-8DEEC0E2FC6A}.Release|x64.ActiveCfg = Release|x64
		{80221F4B-B3CF-4F8F-BA38-8DEEC0E2FC6A}.Release|x64.Build.0 = Release|x64
		{80221F4B-B3CF-4F8F-BA38-8DEEC0E2FC6A}.Release|x86.ActiveCfg = Release|Win32
		{80221F4B-B3CF-4F8F-BA38-8DEEC0E2FC6A}.Release|x86.Build.0 = Release|Win32
		{80221F4B-B3CF-4F8F-BA38-8DEEC0E2FC6A}.RelWithDebInfo|x64.ActiveCfg = Release|x64
		{80221F4B-B3CF-4F8F-BA38-8DEEC0E2FC6A}.RelWithDebInfo|x64.Build.0 = Release|x64
		{80221F4B-B3CF-4F8F-BA38-8DEEC0E2FC6A}.RelWithDebInfo|x86.ActiveCfg = Release|Win32
		{80221F4B-B3CF-4F8F-BA38-8DEEC0E2FC6A}.RelWithDebInfo|x86.Build.0 = Release|Win32
	EndGlobalSection
	GlobalSection(SolutionProperties) = preSolution
		HideSolutionNode = FALSE
	EndGlobalSection
	GlobalSection(ExtensibilityGlobals) = postSolution
		SolutionGuid = {23EBD40A-ECA0-4490-B3C2-E2291CDD670B}
	EndGlobalSection
EndGlobal
